
Microsoft Visual Studio Solution File, Format Version 12.00
# Visual Studio 15
Project("{FAE04EC0-301F-11D3-BF4B-00C04F79EFBC}") = "Tiled.Android", "Tiled.Android\Tiled.Android.csproj", "{C4577CB2-A48E-4164-9C10-F36CF8E55E02}"
EndProject
Project("{FAE04EC0-301F-11D3-BF4B-00C04F79EFBC}") = "Tiled.iOS", "Tiled.iOS\Tiled.iOS.csproj", "{4816AD77-ACF1-4E8C-8EB6-682F18A5274F}"
EndProject
Project("{FAE04EC0-301F-11D3-BF4B-00C04F79EFBC}") = "Tiled", "Tiled\Tiled.csproj", "{135552F9-35C0-461A-BF07-64DFC027AFE5}"
EndProject
Global
	GlobalSection(SolutionConfigurationPlatforms) = preSolution
		Debug|Any CPU = Debug|Any CPU
		Release|Any CPU = Release|Any CPU
		Debug|iPhoneSimulator = Debug|iPhoneSimulator
		Release|iPhoneSimulator = Release|iPhoneSimulator
		Debug|iPhone = Debug|iPhone
		Release|iPhone = Release|iPhone
	EndGlobalSection
	GlobalSection(ProjectConfigurationPlatforms) = postSolution
		{C4577CB2-A48E-4164-9C10-F36CF8E55E02}.Debug|Any CPU.ActiveCfg = Debug|Any CPU
		{C4577CB2-A48E-4164-9C10-F36CF8E55E02}.Debug|Any CPU.Build.0 = Debug|Any CPU
		{C4577CB2-A48E-4164-9C10-F36CF8E55E02}.Release|Any CPU.ActiveCfg = Release|Any CPU
		{C4577CB2-A48E-4164-9C10-F36CF8E55E02}.Release|Any CPU.Build.0 = Release|Any CPU
		{C4577CB2-A48E-4164-9C10-F36CF8E55E02}.Debug|iPhoneSimulator.ActiveCfg = Debug|Any CPU
		{C4577CB2-A48E-4164-9C10-F36CF8E55E02}.Debug|iPhoneSimulator.Build.0 = Debug|Any CPU
		{C4577CB2-A48E-4164-9C10-F36CF8E55E02}.Release|iPhoneSimulator.ActiveCfg = Release|Any CPU
		{C4577CB2-A48E-4164-9C10-F36CF8E55E02}.Release|iPhoneSimulator.Build.0 = Release|Any CPU
		{C4577CB2-A48E-4164-9C10-F36CF8E55E02}.Debug|iPhone.ActiveCfg = Debug|Any CPU
		{C4577CB2-A48E-4164-9C10-F36CF8E55E02}.Debug|iPhone.Build.0 = Debug|Any CPU
		{C4577CB2-A48E-4164-9C10-F36CF8E55E02}.Release|iPhone.ActiveCfg = Release|Any CPU
		{C4577CB2-A48E-4164-9C10-F36CF8E55E02}.Release|iPhone.Build.0 = Release|Any CPU
		{4816AD77-ACF1-4E8C-8EB6-682F18A5274F}.Debug|Any CPU.ActiveCfg = Debug|iPhoneSimulator
		{4816AD77-ACF1-4E8C-8EB6-682F18A5274F}.Debug|Any CPU.Build.0 = Debug|iPhoneSimulator
		{4816AD77-ACF1-4E8C-8EB6-682F18A5274F}.Release|Any CPU.ActiveCfg = Release|iPhoneSimulator
		{4816AD77-ACF1-4E8C-8EB6-682F18A5274F}.Release|Any CPU.Build.0 = Release|iPhoneSimulator
		{4816AD77-ACF1-4E8C-8EB6-682F18A5274F}.Debug|iPhoneSimulator.ActiveCfg = Debug|iPhoneSimulator
		{4816AD77-ACF1-4E8C-8EB6-682F18A5274F}.Debug|iPhoneSimulator.Build.0 = Debug|iPhoneSimulator
		{4816AD77-ACF1-4E8C-8EB6-682F18A5274F}.Release|iPhoneSimulator.ActiveCfg = Release|iPhoneSimulator
		{4816AD77-ACF1-4E8C-8EB6-682F18A5274F}.Release|iPhoneSimulator.Build.0 = Release|iPhoneSimulator
		{4816AD77-ACF1-4E8C-8EB6-682F18A5274F}.Debug|iPhone.ActiveCfg = Debug|iPhone
		{4816AD77-ACF1-4E8C-8EB6-682F18A5274F}.Debug|iPhone.Build.0 = Debug|iPhone
		{4816AD77-ACF1-4E8C-8EB6-682F18A5274F}.Release|iPhone.ActiveCfg = Release|iPhone
		{4816AD77-ACF1-4E8C-8EB6-682F18A5274F}.Release|iPhone.Build.0 = Release|iPhone
		{135552F9-35C0-461A-BF07-64DFC027AFE5}.Debug|Any CPU.ActiveCfg = Debug|Any CPU
		{135552F9-35C0-461A-BF07-64DFC027AFE5}.Debug|Any CPU.Build.0 = Debug|Any CPU
		{135552F9-35C0-461A-BF07-64DFC027AFE5}.Release|Any CPU.ActiveCfg = Release|Any CPU
		{135552F9-35C0-461A-BF07-64DFC027AFE5}.Release|Any CPU.Build.0 = Release|Any CPU
		{135552F9-35C0-461A-BF07-64DFC027AFE5}.Debug|iPhoneSimulator.ActiveCfg = Debug|Any CPU
		{135552F9-35C0-461A-BF07-64DFC027AFE5}.Debug|iPhoneSimulator.Build.0 = Debug|Any CPU
		{135552F9-35C0-461A-BF07-64DFC027AFE5}.Release|iPhoneSimulator.ActiveCfg = Release|Any CPU
		{135552F9-35C0-461A-BF07-64DFC027AFE5}.Release|iPhoneSimulator.Build.0 = Release|Any CPU
		{135552F9-35C0-461A-BF07-64DFC027AFE5}.Debug|iPhone.ActiveCfg = Debug|Any CPU
		{135552F9-35C0-461A-BF07-64DFC027AFE5}.Debug|iPhone.Build.0 = Debug|Any CPU
		{135552F9-35C0-461A-BF07-64DFC027AFE5}.Release|iPhone.ActiveCfg = Release|Any CPU
		{135552F9-35C0-461A-BF07-64DFC027AFE5}.Release|iPhone.Build.0 = Release|Any CPU
	EndGlobalSection
EndGlobal
